// !$*UTF8*$!
{
	archiveVersion = 1;
	classes = {
	};
	objectVersion = 77;
	objects = {

/* Begin PBXBuildFile section */
		047A5A0B6A16199B16B7B711 /* CellarWine2Test.swift in Sources */ = {isa = PBXBuildFile; fileRef = 63CB89D66AB3DBE0491E7F73 /* CellarWine2Test.swift */; };
		06CBE975725A1A93D45C75EE /* CellarUI in Frameworks */ = {isa = PBXBuildFile; productRef = A0CB9AE590FA6D7E374E6737 /* CellarUI */; };
		1AEDFB4CD0954E07047EDB6C /* CellarKitE2ETests.swift in Sources */ = {isa = PBXBuildFile; fileRef = 251A152EBA1C89AEB57875E8 /* CellarKitE2ETests.swift */; };
		1E5B1DC7C4740E9BE0374DC7 /* Assets.xcassets in Resources */ = {isa = PBXBuildFile; fileRef = BB39F6D06FFEB609DCF2AA18 /* Assets.xcassets */; };
		439F40FB5376EC2FF1DAEF06 /* libwineserver.a in Frameworks */ = {isa = PBXBuildFile; fileRef = 11A57F843EA714489DE3BEB7 /* libwineserver.a */; };
		52CAA2E39FEEBC607BD7F283 /* CellarApp.swift in Sources */ = {isa = PBXBuildFile; fileRef = DB2F975FBD6D89D4DB439BC2 /* CellarApp.swift */; };
		5C93CEDC6D0C1A6EF60C2D91 /* CellarAppUITests.swift in Sources */ = {isa = PBXBuildFile; fileRef = 22051CA68177F163F98AC2CF /* CellarAppUITests.swift */; };
		9CE69020E92FBEA045A89B06 /* WineProcessBridge.m in Sources */ = {isa = PBXBuildFile; fileRef = B3EC409A61595BC8AAFBF6EF /* WineProcessBridge.m */; };
		A1485E30AE76188AFDC386FD /* D3D11ProbeTest.swift in Sources */ = {isa = PBXBuildFile; fileRef = B3D4E3257A984384DA7D6761 /* D3D11ProbeTest.swift */; };
		A8AFA61AA94EC7B6879E1B11 /* CellarQuickTest.swift in Sources */ = {isa = PBXBuildFile; fileRef = B5960DF17CF997459E9C60B6 /* CellarQuickTest.swift */; };
		B89F5DB525507969E0E3E812 /* IOKit.framework in Frameworks */ = {isa = PBXBuildFile; fileRef = 0314E15778B7C8DBB36BD0FB /* IOKit.framework */; };
		C380189602FE055C46DC7DF2 /* CellarDemoTest.swift in Sources */ = {isa = PBXBuildFile; fileRef = 3FD0F139AA6153B3D580293F /* CellarDemoTest.swift */; };
		C3C5AD4046535A470D0AAAC4 /* WineServerBridge.m in Sources */ = {isa = PBXBuildFile; fileRef = 46192481B09D59BDF2602C52 /* WineServerBridge.m */; };
		C80063368F04EFD5B43E9459 /* WineStubs.c in Sources */ = {isa = PBXBuildFile; fileRef = A07288EE15B9F7826C6A1244 /* WineStubs.c */; };
		CC4717E690574988B0F14562 /* CellarDiagnosticTest.swift in Sources */ = {isa = PBXBuildFile; fileRef = 01E8CEC9E467F196388EB4CA /* CellarDiagnosticTest.swift */; };
		CDDA46AF0313279F6F1ED98F /* cellarkit_wine_ios.m in Sources */ = {isa = PBXBuildFile; fileRef = 83326BF6DCDDC2625AFE7A64 /* cellarkit_wine_ios.m */; };
		E160FEAA9ADF479DE8B16E68 /* CoreFoundation.framework in Frameworks */ = {isa = PBXBuildFile; fileRef = 090E2A3FD976EBE994A75833 /* CoreFoundation.framework */; };
		F686E094EEA6A51C9037135C /* libntdll_unix.a in Frameworks */ = {isa = PBXBuildFile; fileRef = 782E0368B963B0683FC53D86 /* libntdll_unix.a */; };
/* End PBXBuildFile section */

/* Begin PBXContainerItemProxy section */
		F75F77F5E47B064BC880C7ED /* PBXContainerItemProxy */ = {
			isa = PBXContainerItemProxy;
			containerPortal = 09EAE57E929452BBDA5AC63E /* Project object */;
			proxyType = 1;
			remoteGlobalIDString = 1D9D7B2BC0F050F332964C99;
			remoteInfo = CellarApp;
		};
/* End PBXContainerItemProxy section */

/* Begin PBXFileReference section */
		01E8CEC9E467F196388EB4CA /* CellarDiagnosticTest.swift */ = {isa = PBXFileReference; lastKnownFileType = sourcecode.swift; path = CellarDiagnosticTest.swift; sourceTree = "<group>"; };
		0314E15778B7C8DBB36BD0FB /* IOKit.framework */ = {isa = PBXFileReference; lastKnownFileType = wrapper.framework; name = IOKit.framework; path = System/Library/Frameworks/IOKit.framework; sourceTree = SDKROOT; };
		04BFCFDE459E6BAA2A98FB39 /* WineServerBridge.h */ = {isa = PBXFileReference; lastKnownFileType = sourcecode.c.h; path = WineServerBridge.h; sourceTree = "<group>"; };
		090E2A3FD976EBE994A75833 /* CoreFoundation.framework */ = {isa = PBXFileReference; lastKnownFileType = wrapper.framework; name = CoreFoundation.framework; path = System/Library/Frameworks/CoreFoundation.framework; sourceTree = SDKROOT; };
		11A57F843EA714489DE3BEB7 /* libwineserver.a */ = {isa = PBXFileReference; lastKnownFileType = archive.ar; name = libwineserver.a; path = Libraries/libwineserver.a; sourceTree = "<group>"; };
		22051CA68177F163F98AC2CF /* CellarAppUITests.swift */ = {isa = PBXFileReference; lastKnownFileType = sourcecode.swift; path = CellarAppUITests.swift; sourceTree = "<group>"; };
		251A152EBA1C89AEB57875E8 /* CellarKitE2ETests.swift */ = {isa = PBXFileReference; lastKnownFileType = sourcecode.swift; path = CellarKitE2ETests.swift; sourceTree = "<group>"; };
		3FD0F139AA6153B3D580293F /* CellarDemoTest.swift */ = {isa = PBXFileReference; lastKnownFileType = sourcecode.swift; path = CellarDemoTest.swift; sourceTree = "<group>"; };
		46192481B09D59BDF2602C52 /* WineServerBridge.m */ = {isa = PBXFileReference; lastKnownFileType = sourcecode.c.objc; path = WineServerBridge.m; sourceTree = "<group>"; };
		5BE3B4CB11E716A8309B4842 /* WineProcessBridge.h */ = {isa = PBXFileReference; lastKnownFileType = sourcecode.c.h; path = WineProcessBridge.h; sourceTree = "<group>"; };
		63CB89D66AB3DBE0491E7F73 /* CellarWine2Test.swift */ = {isa = PBXFileReference; lastKnownFileType = sourcecode.swift; path = CellarWine2Test.swift; sourceTree = "<group>"; };
		6515FDFF39FF412F6990F0B4 /* CellarApp.app */ = {isa = PBXFileReference; includeInIndex = 0; lastKnownFileType = wrapper.application; path = CellarApp.app; sourceTree = BUILT_PRODUCTS_DIR; };
		6738DA6622C45FDBFC40FE15 /* CellarAppUITests.xctest */ = {isa = PBXFileReference; includeInIndex = 0; lastKnownFileType = wrapper.cfbundle; path = CellarAppUITests.xctest; sourceTree = BUILT_PRODUCTS_DIR; };
		782E0368B963B0683FC53D86 /* libntdll_unix.a */ = {isa = PBXFileReference; lastKnownFileType = archive.ar; name = libntdll_unix.a; path = Libraries/libntdll_unix.a; sourceTree = "<group>"; };
		83326BF6DCDDC2625AFE7A64 /* cellarkit_wine_ios.m */ = {isa = PBXFileReference; lastKnownFileType = sourcecode.c.objc; path = cellarkit_wine_ios.m; sourceTree = "<group>"; };
		9319E04B913AB0203A8B0ACA /* CellarKit-iOS */ = {isa = PBXFileReference; lastKnownFileType = folder; name = "CellarKit-iOS"; path = ../..; sourceTree = SOURCE_ROOT; };
		A07288EE15B9F7826C6A1244 /* WineStubs.c */ = {isa = PBXFileReference; lastKnownFileType = sourcecode.c.c; path = WineStubs.c; sourceTree = "<group>"; };
		B3D4E3257A984384DA7D6761 /* D3D11ProbeTest.swift */ = {isa = PBXFileReference; lastKnownFileType = sourcecode.swift; path = D3D11ProbeTest.swift; sourceTree = "<group>"; };
		B3EC409A61595BC8AAFBF6EF /* WineProcessBridge.m */ = {isa = PBXFileReference; lastKnownFileType = sourcecode.c.objc; path = WineProcessBridge.m; sourceTree = "<group>"; };
		B5960DF17CF997459E9C60B6 /* CellarQuickTest.swift */ = {isa = PBXFileReference; lastKnownFileType = sourcecode.swift; path = CellarQuickTest.swift; sourceTree = "<group>"; };
		B7977812333E4D035524AD97 /* CellarApp.entitlements */ = {isa = PBXFileReference; lastKnownFileType = text.plist.entitlements; path = CellarApp.entitlements; sourceTree = "<group>"; };
		BB39F6D06FFEB609DCF2AA18 /* Assets.xcassets */ = {isa = PBXFileReference; lastKnownFileType = folder.assetcatalog; path = Assets.xcassets; sourceTree = "<group>"; };
		DB2F975FBD6D89D4DB439BC2 /* CellarApp.swift */ = {isa = PBXFileReference; lastKnownFileType = sourcecode.swift; path = CellarApp.swift; sourceTree = "<group>"; };
/* End PBXFileReference section */

/* Begin PBXFrameworksBuildPhase section */
		6F76F85503186A8CD3208A7F /* Frameworks */ = {
			isa = PBXFrameworksBuildPhase;
			buildActionMask = 2147483647;
			files = (
				06CBE975725A1A93D45C75EE /* CellarUI in Frameworks */,
				F686E094EEA6A51C9037135C /* libntdll_unix.a in Frameworks */,
				439F40FB5376EC2FF1DAEF06 /* libwineserver.a in Frameworks */,
				B89F5DB525507969E0E3E812 /* IOKit.framework in Frameworks */,
				E160FEAA9ADF479DE8B16E68 /* CoreFoundation.framework in Frameworks */,
			);
			runOnlyForDeploymentPostprocessing = 0;
		};
/* End PBXFrameworksBuildPhase section */

/* Begin PBXGroup section */
		2376C324C0F0512E615ECC00 /* Frameworks */ = {
			isa = PBXGroup;
			children = (
				090E2A3FD976EBE994A75833 /* CoreFoundation.framework */,
				0314E15778B7C8DBB36BD0FB /* IOKit.framework */,
				782E0368B963B0683FC53D86 /* libntdll_unix.a */,
				11A57F843EA714489DE3BEB7 /* libwineserver.a */,
			);
			name = Frameworks;
			sourceTree = "<group>";
		};
		57C364AE3F85420ED5A2A39F /* Packages */ = {
			isa = PBXGroup;
			children = (
				9319E04B913AB0203A8B0ACA /* CellarKit-iOS */,
			);
			name = Packages;
			sourceTree = "<group>";
		};
		ACD6B39E2A7AB0D6D38301CF = {
			isa = PBXGroup;
			children = (
				B84DE881AF74BCBF6A2E0898 /* CellarApp */,
				C7A77663D209E1B76B890665 /* CellarAppUITests */,
				57C364AE3F85420ED5A2A39F /* Packages */,
				2376C324C0F0512E615ECC00 /* Frameworks */,
				F05970E63E8A42B5F343E301 /* Products */,
			);
			sourceTree = "<group>";
		};
		B84DE881AF74BCBF6A2E0898 /* CellarApp */ = {
			isa = PBXGroup;
			children = (
				BB39F6D06FFEB609DCF2AA18 /* Assets.xcassets */,
				B7977812333E4D035524AD97 /* CellarApp.entitlements */,
				DB2F975FBD6D89D4DB439BC2 /* CellarApp.swift */,
				FCB378BDE72EA78C7A48A731 /* WineRuntime */,
			);
			path = CellarApp;
			sourceTree = "<group>";
		};
		C7A77663D209E1B76B890665 /* CellarAppUITests */ = {
			isa = PBXGroup;
			children = (
				22051CA68177F163F98AC2CF /* CellarAppUITests.swift */,
				3FD0F139AA6153B3D580293F /* CellarDemoTest.swift */,
				01E8CEC9E467F196388EB4CA /* CellarDiagnosticTest.swift */,
				251A152EBA1C89AEB57875E8 /* CellarKitE2ETests.swift */,
				B5960DF17CF997459E9C60B6 /* CellarQuickTest.swift */,
				63CB89D66AB3DBE0491E7F73 /* CellarWine2Test.swift */,
				B3D4E3257A984384DA7D6761 /* D3D11ProbeTest.swift */,
			);
			path = CellarAppUITests;
			sourceTree = "<group>";
		};
		F05970E63E8A42B5F343E301 /* Products */ = {
			isa = PBXGroup;
			children = (
				6515FDFF39FF412F6990F0B4 /* CellarApp.app */,
				6738DA6622C45FDBFC40FE15 /* CellarAppUITests.xctest */,
			);
			name = Products;
			sourceTree = "<group>";
		};
		FCB378BDE72EA78C7A48A731 /* WineRuntime */ = {
			isa = PBXGroup;
			children = (
				83326BF6DCDDC2625AFE7A64 /* cellarkit_wine_ios.m */,
				5BE3B4CB11E716A8309B4842 /* WineProcessBridge.h */,
				B3EC409A61595BC8AAFBF6EF /* WineProcessBridge.m */,
				04BFCFDE459E6BAA2A98FB39 /* WineServerBridge.h */,
				46192481B09D59BDF2602C52 /* WineServerBridge.m */,
				A07288EE15B9F7826C6A1244 /* WineStubs.c */,
			);
			path = WineRuntime;
			sourceTree = "<group>";
		};
/* End PBXGroup section */

/* Begin PBXNativeTarget section */
		1D9D7B2BC0F050F332964C99 /* CellarApp */ = {
			isa = PBXNativeTarget;
			buildConfigurationList = B4A7212B27CD61B4CCA8DFF0 /* Build configuration list for PBXNativeTarget "CellarApp" */;
			buildPhases = (
				C642E16FF2C07E5D4429D449 /* Compile wine-stub */,
				A11526A126C2A94E54331DE6 /* Bundle test payloads */,
				7176A0DBDAB0804BC88079CD /* Bundle D3D11 probe */,
				9171FB5109267ED325C90401 /* Bundle ARM64 Windows payload */,
				19A820CC990EE08C81F27FAC /* Bundle ARM64 Windows DLLs */,
				23D694818FFBFEAA693C65EA /* Sources */,
				C51553903D77C11B679C1AEB /* Resources */,
				6F76F85503186A8CD3208A7F /* Frameworks */,
			);
			buildRules = (
			);
			dependencies = (
			);
			name = CellarApp;
			packageProductDependencies = (
				A0CB9AE590FA6D7E374E6737 /* CellarUI */,
			);
			productName = CellarApp;
			productReference = 6515FDFF39FF412F6990F0B4 /* CellarApp.app */;
			productType = "com.apple.product-type.application";
		};
		6BB3AECDD4D697D917A2DC04 /* CellarAppUITests */ = {
			isa = PBXNativeTarget;
			buildConfigurationList = CD5BB7EDC61D14676CC624A9 /* Build configuration list for PBXNativeTarget "CellarAppUITests" */;
			buildPhases = (
				9B3D4371FFF82CC67B30957F /* Sources */,
			);
			buildRules = (
			);
			dependencies = (
				7309A36B38597E78893AE71E /* PBXTargetDependency */,
			);
			name = CellarAppUITests;
			packageProductDependencies = (
			);
			productName = CellarAppUITests;
			productReference = 6738DA6622C45FDBFC40FE15 /* CellarAppUITests.xctest */;
			productType = "com.apple.product-type.bundle.ui-testing";
		};
/* End PBXNativeTarget section */

/* Begin PBXProject section */
		09EAE57E929452BBDA5AC63E /* Project object */ = {
			isa = PBXProject;
			attributes = {
				BuildIndependentTargetsInParallel = YES;
				LastUpgradeCheck = 1430;
				TargetAttributes = {
					1D9D7B2BC0F050F332964C99 = {
						DevelopmentTeam = 8XFZ738A9L;
						ProvisioningStyle = Automatic;
					};
					6BB3AECDD4D697D917A2DC04 = {
						DevelopmentTeam = 8XFZ738A9L;
						ProvisioningStyle = Automatic;
						TestTargetID = 1D9D7B2BC0F050F332964C99;
					};
				};
			};
			buildConfigurationList = 2EFB3F29C72BA8138F1CED97 /* Build configuration list for PBXProject "CellarApp" */;
			developmentRegion = en;
			hasScannedForEncodings = 0;
			knownRegions = (
				Base,
				en,
			);
			mainGroup = ACD6B39E2A7AB0D6D38301CF;
			minimizedProjectReferenceProxies = 1;
			packageReferences = (
				ABC3153CBD065D1DFF3DF31B /* XCLocalSwiftPackageReference "../.." */,
			);
			preferredProjectObjectVersion = 77;
			productRefGroup = F05970E63E8A42B5F343E301 /* Products */;
			projectDirPath = "";
			projectRoot = "";
			targets = (
				1D9D7B2BC0F050F332964C99 /* CellarApp */,
				6BB3AECDD4D697D917A2DC04 /* CellarAppUITests */,
			);
		};
/* End PBXProject section */

/* Begin PBXResourcesBuildPhase section */
		C51553903D77C11B679C1AEB /* Resources */ = {
			isa = PBXResourcesBuildPhase;
			buildActionMask = 2147483647;
			files = (
				1E5B1DC7C4740E9BE0374DC7 /* Assets.xcassets in Resources */,
			);
			runOnlyForDeploymentPostprocessing = 0;
		};
/* End PBXResourcesBuildPhase section */

/* Begin PBXShellScriptBuildPhase section */
		19A820CC990EE08C81F27FAC /* Bundle ARM64 Windows DLLs */ = {
			isa = PBXShellScriptBuildPhase;
			buildActionMask = 2147483647;
			files = (
			);
			inputFileListPaths = (
			);
			inputPaths = (
			);
			name = "Bundle ARM64 Windows DLLs";
			outputFileListPaths = (
			);
			outputPaths = (
			);
			runOnlyForDeploymentPostprocessing = 0;
			shellPath = /bin/sh;
			shellScript = "set -e\nDLLS_DIR=\"${BUILT_PRODUCTS_DIR}/${CONTENTS_FOLDER_PATH}/aarch64-windows\"\nmkdir -p \"${DLLS_DIR}\"\ncp -f \"${SRCROOT}/../../Resources/WineRuntime/ARM64DLLs/\"* \"${DLLS_DIR}/\"\necho \"Bundled $(ls ${DLLS_DIR} | wc -l | tr -d ' ') ARM64 Windows DLLs\"\n";
		};
		7176A0DBDAB0804BC88079CD /* Bundle D3D11 probe */ = {
			isa = PBXShellScriptBuildPhase;
			buildActionMask = 2147483647;
			files = (
			);
			inputFileListPaths = (
			);
			inputPaths = (
				"${SRCROOT}/../../Resources/TestPayloads/hello-d3d11-probe.exe",
			);
			name = "Bundle D3D11 probe";
			outputFileListPaths = (
			);
			outputPaths = (
				"${BUILT_PRODUCTS_DIR}/${CONTENTS_FOLDER_PATH}/Payloads/hello-d3d11-probe.exe",
			);
			runOnlyForDeploymentPostprocessing = 0;
			shellPath = /bin/sh;
			shellScript = "set -e\nPAYLOADS_DIR=\"${BUILT_PRODUCTS_DIR}/${CONTENTS_FOLDER_PATH}/Payloads\"\nmkdir -p \"${PAYLOADS_DIR}\"\ncp -f \"${SRCROOT}/../../Resources/TestPayloads/hello-d3d11-probe.exe\" \\\n  \"${PAYLOADS_DIR}/hello-d3d11-probe.exe\"\necho \"Bundled hello-d3d11-probe.exe → ${PAYLOADS_DIR}/\"\n";
		};
		9171FB5109267ED325C90401 /* Bundle ARM64 Windows payload */ = {
			isa = PBXShellScriptBuildPhase;
			buildActionMask = 2147483647;
			files = (
			);
			inputFileListPaths = (
			);
			inputPaths = (
				"${SRCROOT}/../../Resources/TestPayloads/hello-win32-arm64.exe",
			);
			name = "Bundle ARM64 Windows payload";
			outputFileListPaths = (
			);
			outputPaths = (
				"${BUILT_PRODUCTS_DIR}/${CONTENTS_FOLDER_PATH}/Payloads/hello-win32-arm64.exe",
			);
			runOnlyForDeploymentPostprocessing = 0;
			shellPath = /bin/sh;
			shellScript = "set -e\nPAYLOADS_DIR=\"${BUILT_PRODUCTS_DIR}/${CONTENTS_FOLDER_PATH}/Payloads\"\nmkdir -p \"${PAYLOADS_DIR}\"\ncp -f \"${SRCROOT}/../../Resources/TestPayloads/hello-win32-arm64.exe\" \\\n  \"${PAYLOADS_DIR}/hello-win32-arm64.exe\"\necho \"Bundled hello-win32-arm64.exe → ${PAYLOADS_DIR}/\"\n";
		};
		A11526A126C2A94E54331DE6 /* Bundle test payloads */ = {
			isa = PBXShellScriptBuildPhase;
			buildActionMask = 2147483647;
			files = (
			);
			inputFileListPaths = (
			);
			inputPaths = (
				"${SRCROOT}/../../Resources/TestPayloads/hello-win32.exe",
			);
			name = "Bundle test payloads";
			outputFileListPaths = (
			);
			outputPaths = (
				"${BUILT_PRODUCTS_DIR}/${CONTENTS_FOLDER_PATH}/Payloads/hello-win32.exe",
			);
			runOnlyForDeploymentPostprocessing = 0;
			shellPath = /bin/sh;
			shellScript = "set -e\nPAYLOADS_DIR=\"${BUILT_PRODUCTS_DIR}/${CONTENTS_FOLDER_PATH}/Payloads\"\nmkdir -p \"${PAYLOADS_DIR}\"\ncp -f \"${SRCROOT}/../../Resources/TestPayloads/hello-win32.exe\" \\\n  \"${PAYLOADS_DIR}/hello-win32.exe\"\necho \"Bundled hello-win32.exe → ${PAYLOADS_DIR}/\"\n";
		};
		C642E16FF2C07E5D4429D449 /* Compile wine-stub */ = {
			isa = PBXShellScriptBuildPhase;
			buildActionMask = 2147483647;
			files = (
			);
			inputFileListPaths = (
			);
			inputPaths = (
				"${SRCROOT}/../../Resources/WineRuntime/wine-stub.c",
			);
			name = "Compile wine-stub";
			outputFileListPaths = (
			);
			outputPaths = (
				"${BUILT_PRODUCTS_DIR}/${CONTENTS_FOLDER_PATH}/Binaries/wine-stub",
			);
			runOnlyForDeploymentPostprocessing = 0;
			shellPath = /bin/sh;
			shellScript = "set -e\nSTUB_SRC=\"${SRCROOT}/../../Resources/WineRuntime/wine-stub.c\"\nBINARIES_DIR=\"${BUILT_PRODUCTS_DIR}/${CONTENTS_FOLDER_PATH}/Binaries\"\nSTUB_OUT=\"${BINARIES_DIR}/wine-stub\"\nmkdir -p \"${BINARIES_DIR}\"\nif [ \"${PLATFORM_NAME}\" = \"iphonesimulator\" ]; then\n  # The simulator is a macOS process: posix_spawn() spawns real macOS\n  # children.  Compile wine-stub as a plain macOS ARM64 binary using\n  # the host clang so it can be execv'd directly without needing the\n  # iOS sim dyld shims.\n  /usr/bin/clang \\\n    -arch arm64 \\\n    -target arm64-apple-macos14.0 \\\n    -O2 \\\n    -o \"${STUB_OUT}\" \"${STUB_SRC}\"\nelse\n  # Device: compile for iOS ARM64.  Needs proper codesigning later.\n  xcrun --sdk iphoneos clang \\\n    -arch arm64 \\\n    -target arm64-apple-ios18.0 \\\n    -O2 \\\n    -o \"${STUB_OUT}\" \"${STUB_SRC}\"\nfi\necho \"wine-stub compiled → ${STUB_OUT}\"\n";
		};
/* End PBXShellScriptBuildPhase section */

/* Begin PBXSourcesBuildPhase section */
		23D694818FFBFEAA693C65EA /* Sources */ = {
			isa = PBXSourcesBuildPhase;
			buildActionMask = 2147483647;
			files = (
				52CAA2E39FEEBC607BD7F283 /* CellarApp.swift in Sources */,
				9CE69020E92FBEA045A89B06 /* WineProcessBridge.m in Sources */,
				C3C5AD4046535A470D0AAAC4 /* WineServerBridge.m in Sources */,
				C80063368F04EFD5B43E9459 /* WineStubs.c in Sources */,
				CDDA46AF0313279F6F1ED98F /* cellarkit_wine_ios.m in Sources */,
			);
			runOnlyForDeploymentPostprocessing = 0;
		};
		9B3D4371FFF82CC67B30957F /* Sources */ = {
			isa = PBXSourcesBuildPhase;
			buildActionMask = 2147483647;
			files = (
				5C93CEDC6D0C1A6EF60C2D91 /* CellarAppUITests.swift in Sources */,
				C380189602FE055C46DC7DF2 /* CellarDemoTest.swift in Sources */,
				CC4717E690574988B0F14562 /* CellarDiagnosticTest.swift in Sources */,
				1AEDFB4CD0954E07047EDB6C /* CellarKitE2ETests.swift in Sources */,
				A8AFA61AA94EC7B6879E1B11 /* CellarQuickTest.swift in Sources */,
				047A5A0B6A16199B16B7B711 /* CellarWine2Test.swift in Sources */,
				A1485E30AE76188AFDC386FD /* D3D11ProbeTest.swift in Sources */,
			);
			runOnlyForDeploymentPostprocessing = 0;
		};
/* End PBXSourcesBuildPhase section */

/* Begin PBXTargetDependency section */
		7309A36B38597E78893AE71E /* PBXTargetDependency */ = {
			isa = PBXTargetDependency;
			target = 1D9D7B2BC0F050F332964C99 /* CellarApp */;
			targetProxy = F75F77F5E47B064BC880C7ED /* PBXContainerItemProxy */;
		};
/* End PBXTargetDependency section */

/* Begin XCBuildConfiguration section */
		3AA903AC8E5827351DD17951 /* Release */ = {
			isa = XCBuildConfiguration;
			buildSettings = {
				ASSETCATALOG_COMPILER_APPICON_NAME = AppIcon;
				CODE_SIGN_ENTITLEMENTS = CellarApp/CellarApp.entitlements;
				CODE_SIGN_IDENTITY = "iPhone Developer";
				FRAMEWORK_SEARCH_PATHS = (
					"$(inherited)",
					"\"Libraries\"",
				);
				GENERATE_INFOPLIST_FILE = YES;
				HEADER_SEARCH_PATHS = "$(SRCROOT)/../../Sources/CCellarBridgeStub/include $(SRCROOT)/CellarApp/WineRuntime";
				INFOPLIST_KEY_CFBundleDisplayName = CellarKit;
				INFOPLIST_KEY_UIApplicationSceneManifest_Generation = YES;
				INFOPLIST_KEY_UILaunchScreen_Generation = YES;
				IPHONEOS_DEPLOYMENT_TARGET = 18.0;
				LD_RUNPATH_SEARCH_PATHS = (
					"$(inherited)",
					"@executable_path/Frameworks",
				);
				LIBRARY_SEARCH_PATHS = "$(SRCROOT)/Libraries";
				OTHER_LDFLAGS = "-lntdll_unix -lwineserver -lc++";
				PRODUCT_BUNDLE_IDENTIFIER = com.cellarkit.ios.app;
				SDKROOT = iphoneos;
				SUPPORTS_MACCATALYST = NO;
				TARGETED_DEVICE_FAMILY = "1,2";
			};
			name = Release;
		};
		4FD0034C1F9E8849D34BF79B /* Debug */ = {
			isa = XCBuildConfiguration;
			buildSettings = {
				ALWAYS_SEARCH_USER_PATHS = NO;
				CLANG_ANALYZER_NONNULL = YES;
				CLANG_ANALYZER_NUMBER_OBJECT_CONVERSION = YES_AGGRESSIVE;
				CLANG_CXX_LANGUAGE_STANDARD = "gnu++14";
				CLANG_CXX_LIBRARY = "libc++";
				CLANG_ENABLE_MODULES = YES;
				CLANG_ENABLE_OBJC_ARC = YES;
				CLANG_ENABLE_OBJC_WEAK = YES;
				CLANG_WARN_BLOCK_CAPTURE_AUTORELEASING = YES;
				CLANG_WARN_BOOL_CONVERSION = YES;
				CLANG_WARN_COMMA = YES;
				CLANG_WARN_CONSTANT_CONVERSION = YES;
				CLANG_WARN_DEPRECATED_OBJC_IMPLEMENTATIONS = YES;
				CLANG_WARN_DIRECT_OBJC_ISA_USAGE = YES_ERROR;
				CLANG_WARN_DOCUMENTATION_COMMENTS = YES;
				CLANG_WARN_EMPTY_BODY = YES;
				CLANG_WARN_ENUM_CONVERSION = YES;
				CLANG_WARN_INFINITE_RECURSION = YES;
				CLANG_WARN_INT_CONVERSION = YES;
				CLANG_WARN_NON_LITERAL_NULL_CONVERSION = YES;
				CLANG_WARN_OBJC_IMPLICIT_RETAIN_SELF = YES;
				CLANG_WARN_OBJC_LITERAL_CONVERSION = YES;
				CLANG_WARN_OBJC_ROOT_CLASS = YES_ERROR;
				CLANG_WARN_QUOTED_INCLUDE_IN_FRAMEWORK_HEADER = YES;
				CLANG_WARN_RANGE_LOOP_ANALYSIS = YES;
				CLANG_WARN_STRICT_PROTOTYPES = YES;
				CLANG_WARN_SUSPICIOUS_MOVE = YES;
				CLANG_WARN_UNGUARDED_AVAILABILITY = YES_AGGRESSIVE;
				CLANG_WARN_UNREACHABLE_CODE = YES;
				CLANG_WARN__DUPLICATE_METHOD_MATCH = YES;
				CODE_SIGN_STYLE = Automatic;
				COPY_PHASE_STRIP = NO;
				DEBUG_INFORMATION_FORMAT = dwarf;
				DEVELOPMENT_TEAM = 8XFZ738A9L;
				ENABLE_STRICT_OBJC_MSGSEND = YES;
				ENABLE_TESTABILITY = YES;
				GCC_C_LANGUAGE_STANDARD = gnu11;
				GCC_DYNAMIC_NO_PIC = NO;
				GCC_NO_COMMON_BLOCKS = YES;
				GCC_OPTIMIZATION_LEVEL = 0;
				GCC_PREPROCESSOR_DEFINITIONS = (
					"$(inherited)",
					"DEBUG=1",
				);
				GCC_WARN_64_TO_32_BIT_CONVERSION = YES;
				GCC_WARN_ABOUT_RETURN_TYPE = YES_ERROR;
				GCC_WARN_UNDECLARED_SELECTOR = YES;
				GCC_WARN_UNINITIALIZED_AUTOS = YES_AGGRESSIVE;
				GCC_WARN_UNUSED_FUNCTION = YES;
				GCC_WARN_UNUSED_VARIABLE = YES;
				IPHONEOS_DEPLOYMENT_TARGET = 18.0;
				MTL_ENABLE_DEBUG_INFO = INCLUDE_SOURCE;
				MTL_FAST_MATH = YES;
				ONLY_ACTIVE_ARCH = YES;
				PRODUCT_NAME = "$(TARGET_NAME)";
				SDKROOT = iphoneos;
				SWIFT_ACTIVE_COMPILATION_CONDITIONS = DEBUG;
				SWIFT_OPTIMIZATION_LEVEL = "-Onone";
				SWIFT_VERSION = 6.0;
			};
			name = Debug;
		};
		5B4A8FCA6C4BA95C7F0DFDD6 /* Release */ = {
			isa = XCBuildConfiguration;
			buildSettings = {
				ALWAYS_SEARCH_USER_PATHS = NO;
				CLANG_ANALYZER_NONNULL = YES;
				CLANG_ANALYZER_NUMBER_OBJECT_CONVERSION = YES_AGGRESSIVE;
				CLANG_CXX_LANGUAGE_STANDARD = "gnu++14";
				CLANG_CXX_LIBRARY = "libc++";
				CLANG_ENABLE_MODULES = YES;
				CLANG_ENABLE_OBJC_ARC = YES;
				CLANG_ENABLE_OBJC_WEAK = YES;
				CLANG_WARN_BLOCK_CAPTURE_AUTORELEASING = YES;
				CLANG_WARN_BOOL_CONVERSION = YES;
				CLANG_WARN_COMMA = YES;
				CLANG_WARN_CONSTANT_CONVERSION = YES;
				CLANG_WARN_DEPRECATED_OBJC_IMPLEMENTATIONS = YES;
				CLANG_WARN_DIRECT_OBJC_ISA_USAGE = YES_ERROR;
				CLANG_WARN_DOCUMENTATION_COMMENTS = YES;
				CLANG_WARN_EMPTY_BODY = YES;
				CLANG_WARN_ENUM_CONVERSION = YES;
				CLANG_WARN_INFINITE_RECURSION = YES;
				CLANG_WARN_INT_CONVERSION = YES;
				CLANG_WARN_NON_LITERAL_NULL_CONVERSION = YES;
				CLANG_WARN_OBJC_IMPLICIT_RETAIN_SELF = YES;
				CLANG_WARN_OBJC_LITERAL_CONVERSION = YES;
				CLANG_WARN_OBJC_ROOT_CLASS = YES_ERROR;
				CLANG_WARN_QUOTED_INCLUDE_IN_FRAMEWORK_HEADER = YES;
				CLANG_WARN_RANGE_LOOP_ANALYSIS = YES;
				CLANG_WARN_STRICT_PROTOTYPES = YES;
				CLANG_WARN_SUSPICIOUS_MOVE = YES;
				CLANG_WARN_UNGUARDED_AVAILABILITY = YES_AGGRESSIVE;
				CLANG_WARN_UNREACHABLE_CODE = YES;
				CLANG_WARN__DUPLICATE_METHOD_MATCH = YES;
				CODE_SIGN_STYLE = Automatic;
				COPY_PHASE_STRIP = NO;
				DEBUG_INFORMATION_FORMAT = "dwarf-with-dsym";
				DEVELOPMENT_TEAM = 8XFZ738A9L;
				ENABLE_NS_ASSERTIONS = NO;
				ENABLE_STRICT_OBJC_MSGSEND = YES;
				GCC_C_LANGUAGE_STANDARD = gnu11;
				GCC_NO_COMMON_BLOCKS = YES;
				GCC_WARN_64_TO_32_BIT_CONVERSION = YES;
				GCC_WARN_ABOUT_RETURN_TYPE = YES_ERROR;
				GCC_WARN_UNDECLARED_SELECTOR = YES;
				GCC_WARN_UNINITIALIZED_AUTOS = YES_AGGRESSIVE;
				GCC_WARN_UNUSED_FUNCTION = YES;
				GCC_WARN_UNUSED_VARIABLE = YES;
				IPHONEOS_DEPLOYMENT_TARGET = 18.0;
				MTL_ENABLE_DEBUG_INFO = NO;
				MTL_FAST_MATH = YES;
				PRODUCT_NAME = "$(TARGET_NAME)";
				SDKROOT = iphoneos;
				SWIFT_COMPILATION_MODE = wholemodule;
				SWIFT_OPTIMIZATION_LEVEL = "-O";
				SWIFT_VERSION = 6.0;
			};
			name = Release;
		};
		6ABA7825AF9CD3ADD10D57E7 /* Debug */ = {
			isa = XCBuildConfiguration;
			buildSettings = {
				BUNDLE_LOADER = "$(TEST_HOST)";
				GENERATE_INFOPLIST_FILE = YES;
				IPHONEOS_DEPLOYMENT_TARGET = 18.0;
				LD_RUNPATH_SEARCH_PATHS = (
					"$(inherited)",
					"@executable_path/Frameworks",
					"@loader_path/Frameworks",
				);
				PRODUCT_BUNDLE_IDENTIFIER = com.cellarkit.ios.appUITests;
				SDKROOT = iphoneos;
				TARGETED_DEVICE_FAMILY = "1,2";
				TEST_TARGET_NAME = CellarApp;
			};
			name = Debug;
		};
		B31174F20FC0DE1B494D6ACF /* Debug */ = {
			isa = XCBuildConfiguration;
			buildSettings = {
				ASSETCATALOG_COMPILER_APPICON_NAME = AppIcon;
				CODE_SIGN_ENTITLEMENTS = CellarApp/CellarApp.entitlements;
				CODE_SIGN_IDENTITY = "iPhone Developer";
				FRAMEWORK_SEARCH_PATHS = (
					"$(inherited)",
					"\"Libraries\"",
				);
				GENERATE_INFOPLIST_FILE = YES;
				HEADER_SEARCH_PATHS = "$(SRCROOT)/../../Sources/CCellarBridgeStub/include $(SRCROOT)/CellarApp/WineRuntime";
				INFOPLIST_KEY_CFBundleDisplayName = CellarKit;
				INFOPLIST_KEY_UIApplicationSceneManifest_Generation = YES;
				INFOPLIST_KEY_UILaunchScreen_Generation = YES;
				IPHONEOS_DEPLOYMENT_TARGET = 18.0;
				LD_RUNPATH_SEARCH_PATHS = (
					"$(inherited)",
					"@executable_path/Frameworks",
				);
				LIBRARY_SEARCH_PATHS = "$(SRCROOT)/Libraries";
				OTHER_LDFLAGS = "-lntdll_unix -lwineserver -lc++";
				PRODUCT_BUNDLE_IDENTIFIER = com.cellarkit.ios.app;
				SDKROOT = iphoneos;
				SUPPORTS_MACCATALYST = NO;
				TARGETED_DEVICE_FAMILY = "1,2";
			};
			name = Debug;
		};
		E4E1F7EACBE29B0BE5411612 /* Release */ = {
			isa = XCBuildConfiguration;
			buildSettings = {
				BUNDLE_LOADER = "$(TEST_HOST)";
				GENERATE_INFOPLIST_FILE = YES;
				IPHONEOS_DEPLOYMENT_TARGET = 18.0;
				LD_RUNPATH_SEARCH_PATHS = (
					"$(inherited)",
					"@executable_path/Frameworks",
					"@loader_path/Frameworks",
				);
				PRODUCT_BUNDLE_IDENTIFIER = com.cellarkit.ios.appUITests;
				SDKROOT = iphoneos;
				TARGETED_DEVICE_FAMILY = "1,2";
				TEST_TARGET_NAME = CellarApp;
			};
			name = Release;
		};
/* End XCBuildConfiguration section */

/* Begin XCConfigurationList section */
		2EFB3F29C72BA8138F1CED97 /* Build configuration list for PBXProject "CellarApp" */ = {
			isa = XCConfigurationList;
			buildConfigurations = (
				4FD0034C1F9E8849D34BF79B /* Debug */,
				5B4A8FCA6C4BA95C7F0DFDD6 /* Release */,
			);
			defaultConfigurationIsVisible = 0;
			defaultConfigurationName = Debug;
		};
		B4A7212B27CD61B4CCA8DFF0 /* Build configuration list for PBXNativeTarget "CellarApp" */ = {
			isa = XCConfigurationList;
			buildConfigurations = (
				B31174F20FC0DE1B494D6ACF /* Debug */,
				3AA903AC8E5827351DD17951 /* Release */,
			);
			defaultConfigurationIsVisible = 0;
			defaultConfigurationName = Debug;
		};
		CD5BB7EDC61D14676CC624A9 /* Build configuration list for PBXNativeTarget "CellarAppUITests" */ = {
			isa = XCConfigurationList;
			buildConfigurations = (
				6ABA7825AF9CD3ADD10D57E7 /* Debug */,
				E4E1F7EACBE29B0BE5411612 /* Release */,
			);
			defaultConfigurationIsVisible = 0;
			defaultConfigurationName = Debug;
		};
/* End XCConfigurationList section */

/* Begin XCLocalSwiftPackageReference section */
		ABC3153CBD065D1DFF3DF31B /* XCLocalSwiftPackageReference "../.." */ = {
			isa = XCLocalSwiftPackageReference;
			relativePath = ../..;
		};
/* End XCLocalSwiftPackageReference section */

/* Begin XCSwiftPackageProductDependency section */
		A0CB9AE590FA6D7E374E6737 /* CellarUI */ = {
			isa = XCSwiftPackageProductDependency;
			productName = CellarUI;
		};
/* End XCSwiftPackageProductDependency section */
	};
	rootObject = 09EAE57E929452BBDA5AC63E /* Project object */;
}
